// !$*UTF8*$!
{
	archiveVersion = 1;
	classes = {
	};
	objectVersion = 48;
	objects = {

/* Begin PBXBuildFile section */
		2CDE5C95213D0E5200A89041 /* AppDelegate.swift in Sources */ = {isa = PBXBuildFile; fileRef = 2CDE5C94213D0E5200A89041 /* AppDelegate.swift */; };
		2CDE5C97213D0E5200A89041 /* ViewController.swift in Sources */ = {isa = PBXBuildFile; fileRef = 2CDE5C96213D0E5200A89041 /* ViewController.swift */; };
		2CDE5C9A213D0E5200A89041 /* Main.storyboard in Resources */ = {isa = PBXBuildFile; fileRef = 2CDE5C98213D0E5200A89041 /* Main.storyboard */; };
		2CDE5C9C213D0E5200A89041 /* Assets.xcassets in Resources */ = {isa = PBXBuildFile; fileRef = 2CDE5C9B213D0E5200A89041 /* Assets.xcassets */; };
		2CDE5C9F213D0E5200A89041 /* LaunchScreen.storyboard in Resources */ = {isa = PBXBuildFile; fileRef = 2CDE5C9D213D0E5200A89041 /* LaunchScreen.storyboard */; };
		2CDE5CA7213D2AFC00A89041 /* MainViewController.swift in Sources */ = {isa = PBXBuildFile; fileRef = 2CDE5CA6213D2AFC00A89041 /* MainViewController.swift */; };
		2CDE5CA9213D2E8B00A89041 /* Sub1ViewController.swift in Sources */ = {isa = PBXBuildFile; fileRef = 2CDE5CA8213D2E8B00A89041 /* Sub1ViewController.swift */; };
/* End PBXBuildFile section */

/* Begin PBXFileReference section */
		2CDE5C91213D0E5200A89041 /* dfsgsg.app */ = {isa = PBXFileReference; explicitFileType = wrapper.application; includeInIndex = 0; path = dfsgsg.app; sourceTree = BUILT_PRODUCTS_DIR; };
		2CDE5C94213D0E5200A89041 /* AppDelegate.swift */ = {isa = PBXFileReference; lastKnownFileType = sourcecode.swift; path = AppDelegate.swift; sourceTree = "<group>"; };
		2CDE5C96213D0E5200A89041 /* ViewController.swift */ = {isa = PBXFileReference; lastKnownFileType = sourcecode.swift; path = ViewController.swift; sourceTree = "<group>"; };
		2CDE5C99213D0E5200A89041 /* Base */ = {isa = PBXFileReference; lastKnownFileType = file.storyboard; name = Base; path = Base.lproj/Main.storyboard; sourceTree = "<group>"; };
		2CDE5C9B213D0E5200A89041 /* Assets.xcassets */ = {isa = PBXFileReference; lastKnownFileType = folder.assetcatalog; path = Assets.xcassets; sourceTree = "<group>"; };
		2CDE5C9E213D0E5200A89041 /* Base */ = {isa = PBXFileReference; lastKnownFileType = file.storyboard; name = Base; path = Base.lproj/LaunchScreen.storyboard; sourceTree = "<group>"; };
		2CDE5CA0213D0E5200A89041 /* Info.plist */ = {isa = PBXFileReference; lastKnownFileType = text.plist.xml; path = Info.plist; sourceTree = "<group>"; };
		2CDE5CA6213D2AFC00A89041 /* MainViewController.swift */ = {isa = PBXFileReference; lastKnownFileType = sourcecode.swift; path = MainViewController.swift; sourceTree = "<group>"; };
		2CDE5CA8213D2E8B00A89041 /* Sub1ViewController.swift */ = {isa = PBXFileReference; lastKnownFileType = sourcecode.swift; path = Sub1ViewController.swift; sourceTree = "<group>"; };
/* End PBXFileReference section */

/* Begin PBXFrameworksBuildPhase section */
		2CDE5C8E213D0E5200A89041 /* Frameworks */ = {
			isa = PBXFrameworksBuildPhase;
			buildActionMask = 2147483647;
			files = (
			);
			runOnlyForDeploymentPostprocessing = 0;
		};
/* End PBXFrameworksBuildPhase section */

/* Begin PBXGroup section */
		2CDE5C88213D0E5200A89041 = {
			isa = PBXGroup;
			children = (
				2CDE5C93213D0E5200A89041 /* dfsgsg */,
				2CDE5C92213D0E5200A89041 /* Products */,
			);
			sourceTree = "<group>";
		};
		2CDE5C92213D0E5200A89041 /* Products */ = {
			isa = PBXGroup;
			children = (
				2CDE5C91213D0E5200A89041 /* dfsgsg.app */,
			);
			name = Products;
			sourceTree = "<group>";
		};
		2CDE5C93213D0E5200A89041 /* dfsgsg */ = {
			isa = PBXGroup;
			children = (
				2CDE5C94213D0E5200A89041 /* AppDelegate.swift */,
				2CDE5C96213D0E5200A89041 /* ViewController.swift */,
				2CDE5C98213D0E5200A89041 /* Main.storyboard */,
				2CDE5CA6213D2AFC00A89041 /* MainViewController.swift */,
				2CDE5CA8213D2E8B00A89041 /* Sub1ViewController.swift */,
				2CDE5C9B213D0E5200A89041 /* Assets.xcassets */,
				2CDE5C9D213D0E5200A89041 /* LaunchScreen.storyboard */,
				2CDE5CA0213D0E5200A89041 /* Info.plist */,
			);
			path = dfsgsg;
			sourceTree = "<group>";
		};
/* End PBXGroup section */

/* Begin PBXNativeTarget section */
		2CDE5C90213D0E5200A89041 /* dfsgsg */ = {
			isa = PBXNativeTarget;
			buildConfigurationList = 2CDE5CA3213D0E5200A89041 /* Build configuration list for PBXNativeTarget "dfsgsg" */;
			buildPhases = (
				2CDE5C8D213D0E5200A89041 /* Sources */,
				2CDE5C8E213D0E5200A89041 /* Frameworks */,
				2CDE5C8F213D0E5200A89041 /* Resources */,
			);
			buildRules = (
			);
			dependencies = (
			);
			name = dfsgsg;
			productName = dfsgsg;
			productReference = 2CDE5C91213D0E5200A89041 /* dfsgsg.app */;
			productType = "com.apple.product-type.application";
		};
/* End PBXNativeTarget section */

/* Begin PBXProject section */
		2CDE5C89213D0E5200A89041 /* Project object */ = {
			isa = PBXProject;
			attributes = {
				LastSwiftUpdateCheck = 0920;
				LastUpgradeCheck = 0920;
				ORGANIZATIONNAME = cscoi020;
				TargetAttributes = {
					2CDE5C90213D0E5200A89041 = {
						CreatedOnToolsVersion = 9.2;
						ProvisioningStyle = Automatic;
					};
				};
			};
			buildConfigurationList = 2CDE5C8C213D0E5200A89041 /* Build configuration list for PBXProject "dfsgsg" */;
			compatibilityVersion = "Xcode 8.0";
			developmentRegion = en;
			hasScannedForEncodings = 0;
			knownRegions = (
				en,
				Base,
			);
			mainGroup = 2CDE5C88213D0E5200A89041;
			productRefGroup = 2CDE5C92213D0E5200A89041 /* Products */;
			projectDirPath = "";
			projectRoot = "";
			targets = (
				2CDE5C90213D0E5200A89041 /* dfsgsg */,
			);
		};
/* End PBXProject section */

/* Begin PBXResourcesBuildPhase section */
		2CDE5C8F213D0E5200A89041 /* Resources */ = {
			isa = PBXResourcesBuildPhase;
			buildActionMask = 2147483647;
			files = (
				2CDE5C9F213D0E5200A89041 /* LaunchScreen.storyboard in Resources */,
				2CDE5C9C213D0E5200A89041 /* Assets.xcassets in Resources */,
				2CDE5C9A213D0E5200A89041 /* Main.storyboard in Resources */,
			);
			runOnlyForDeploymentPostprocessing = 0;
		};
/* End PBXResourcesBuildPhase section */

/* Begin PBXSourcesBuildPhase section */
		2CDE5C8D213D0E5200A89041 /* Sources */ = {
			isa = PBXSourcesBuildPhase;
			buildActionMask = 2147483647;
			files = (
				2CDE5CA7213D2AFC00A89041 /* MainViewController.swift in Sources */,
				2CDE5CA9213D2E8B00A89041 /* Sub1ViewController.swift in Sources */,
				2CDE5C97213D0E5200A89041 /* ViewController.swift in Sources */,
				2CDE5C95213D0E5200A89041 /* AppDelegate.swift in Sources */,
			);
			runOnlyForDeploymentPostprocessing = 0;
		};
/* End PBXSourcesBuildPhase section */

/* Begin PBXVariantGroup section */
		2CDE5C98213D0E5200A89041 /* Main.storyboard */ = {
			isa = PBXVariantGroup;
			children = (
				2CDE5C99213D0E5200A89041 /* Base */,
			);
			name = Main.storyboard;
			sourceTree = "<group>";
		};
		2CDE5C9D213D0E5200A89041 /* LaunchScreen.storyboard */ = {
			isa = PBXVariantGroup;
			children = (
				2CDE5C9E213D0E5200A89041 /* Base */,
			);
			name = LaunchScreen.storyboard;
			sourceTree = "<group>";
		};
/* End PBXVariantGroup section */

/* Begin XCBuildConfiguration section */
		2CDE5CA1213D0E5200A89041 /* Debug */ = {
			isa = XCBuildConfiguration;
			buildSettings = {
				ALWAYS_SEARCH_USER_PATHS = NO;
				CLANG_ANALYZER_NONNULL = YES;
				CLANG_ANALYZER_NUMBER_OBJECT_CONVERSION = YES_AGGRESSIVE;
				CLANG_CXX_LANGUAGE_STANDARD = "gnu++14";
				CLANG_CXX_LIBRARY = "libc++";
				CLANG_ENABLE_MODULES = YES;
				CLANG_ENABLE_OBJC_ARC = YES;
				CLANG_WARN_BLOCK_CAPTURE_AUTORELEASING = YES;
				CLANG_WARN_BOOL_CONVERSION = YES;
				CLANG_WARN_COMMA = YES;
				CLANG_WARN_CONSTANT_CONVERSION = YES;
				CLANG_WARN_DIRECT_OBJC_ISA_USAGE = YES_ERROR;
				CLANG_WARN_DOCUMENTATION_COMMENTS = YES;
				CLANG_WARN_EMPTY_BODY = YES;
				CLANG_WARN_ENUM_CONVERSION = YES;
				CLANG_WARN_INFINITE_RECURSION = YES;
				CLANG_WARN_INT_CONVERSION = YES;
				CLANG_WARN_NON_LITERAL_NULL_CONVERSION = YES;
				CLANG_WARN_OBJC_LITERAL_CONVERSION = YES;
				CLANG_WARN_OBJC_ROOT_CLASS = YES_ERROR;
				CLANG_WARN_RANGE_LOOP_ANALYSIS = YES;
				CLANG_WARN_STRICT_PROTOTYPES = YES;
				CLANG_WARN_SUSPICIOUS_MOVE = YES;
				CLANG_WARN_UNGUARDED_AVAILABILITY = YES_AGGRESSIVE;
				CLANG_WARN_UNREACHABLE_CODE = YES;
				CLANG_WARN__DUPLICATE_METHOD_MATCH = YES;
				CODE_SIGN_IDENTITY = "iPhone Developer";
				COPY_PHASE_STRIP = NO;
				DEBUG_INFORMATION_FORMAT = dwarf;
				ENABLE_STRICT_OBJC_MSGSEND = YES;
				ENABLE_TESTABILITY = YES;
				GCC_C_LANGUAGE_STANDARD = gnu11;
				GCC_DYNAMIC_NO_PIC = NO;
				GCC_NO_COMMON_BLOCKS = YES;
				GCC_OPTIMIZATION_LEVEL = 0;
				GCC_PREPROCESSOR_DEFINITIONS = (
					"DEBUG=1",
					"$(inherited)",
				);
				GCC_WARN_64_TO_32_BIT_CONVERSION = YES;
				GCC_WARN_ABOUT_RETURN_TYPE = YES_ERROR;
				GCC_WARN_UNDECLARED_SELECTOR = YES;
				GCC_WARN_UNINITIALIZED_AUTOS = YES_AGGRESSIVE;
				GCC_WARN_UNUSED_FUNCTION = YES;
				GCC_WARN_UNUSED_VARIABLE = YES;
				IPHONEOS_DEPLOYMENT_TARGET = 11.2;
				MTL_ENABLE_DEBUG_INFO = YES;
				ONLY_ACTIVE_ARCH = YES;
				SDKROOT = iphoneos;
				SWIFT_ACTIVE_COMPILATION_CONDITIONS = DEBUG;
				SWIFT_OPTIMIZATION_LEVEL = "-Onone";
			};
			name = Debug;
		};
		2CDE5CA2213D0E5200A89041 /* Release */ = {
			isa = XCBuildConfiguration;
			buildSettings = {
				ALWAYS_SEARCH_USER_PATHS = NO;
				CLANG_ANALYZER_NONNULL = YES;
				CLANG_ANALYZER_NUMBER_OBJECT_CONVERSION = YES_AGGRESSIVE;
				CLANG_CXX_LANGUAGE_STANDARD = "gnu++14";
				CLANG_CXX_LIBRARY = "libc++";
				CLANG_ENABLE_MODULES = YES;
				CLANG_ENABLE_OBJC_ARC = YES;
				CLANG_WARN_BLOCK_CAPTURE_AUTORELEASING = YES;
				CLANG_WARN_BOOL_CONVERSION = YES;
				CLANG_WARN_COMMA = YES;
				CLANG_WARN_CONSTANT_CONVERSION = YES;
				CLANG_WARN_DIRECT_OBJC_ISA_USAGE = YES_ERROR;
				CLANG_WARN_DOCUMENTATION_COMMENTS = YES;
				CLANG_WARN_EMPTY_BODY = YES;
				CLANG_WARN_ENUM_CONVERSION = YES;
				CLANG_WARN_INFINITE_RECURSION = YES;
				CLANG_WARN_INT_CONVERSION = YES;
				CLANG_WARN_NON_LITERAL_NULL_CONVERSION = YES;
				CLANG_WARN_OBJC_LITERAL_CONVERSION = YES;
				CLANG_WARN_OBJC_ROOT_CLASS = YES_ERROR;
				CLANG_WARN_RANGE_LOOP_ANALYSIS = YES;
				CLANG_WARN_STRICT_PROTOTYPES = YES;
				CLANG_WARN_SUSPICIOUS_MOVE = YES;
				CLANG_WARN_UNGUARDED_AVAILABILITY = YES_AGGRESSIVE;
				CLANG_WARN_UNREACHABLE_CODE = YES;
				CLANG_WARN__DUPLICATE_METHOD_MATCH = YES;
				CODE_SIGN_IDENTITY = "iPhone Developer";
				COPY_PHASE_STRIP = NO;
				DEBUG_INFORMATION_FORMAT = "dwarf-with-dsym";
				ENABLE_NS_ASSERTIONS = NO;
				ENABLE_STRICT_OBJC_MSGSEND = YES;
				GCC_C_LANGUAGE_STANDARD = gnu11;
				GCC_NO_COMMON_BLOCKS = YES;
				GCC_WARN_64_TO_32_BIT_CONVERSION = YES;
				GCC_WARN_ABOUT_RETURN_TYPE = YES_ERROR;
				GCC_WARN_UNDECLARED_SELECTOR = YES;
				GCC_WARN_UNINITIALIZED_AUTOS = YES_AGGRESSIVE;
				GCC_WARN_UNUSED_FUNCTION = YES;
				GCC_WARN_UNUSED_VARIABLE = YES;
				IPHONEOS_DEPLOYMENT_TARGET = 11.2;
				MTL_ENABLE_DEBUG_INFO = NO;
				SDKROOT = iphoneos;
				SWIFT_OPTIMIZATION_LEVEL = "-Owholemodule";
				VALIDATE_PRODUCT = YES;
			};
			name = Release;
		};
		2CDE5CA4213D0E5200A89041 /* Debug */ = {
			isa = XCBuildConfiguration;
			buildSettings = {
				ASSETCATALOG_COMPILER_APPICON_NAME = AppIcon;
				CODE_SIGN_STYLE = Automatic;
				INFOPLIST_FILE = dfsgsg/Info.plist;
				LD_RUNPATH_SEARCH_PATHS = "$(inherited) @executable_path/Frameworks";
				PRODUCT_BUNDLE_IDENTIFIER = me.noverish.dfsgsg;
				PRODUCT_NAME = "$(TARGET_NAME)";
				SWIFT_VERSION = 4.0;
				TARGETED_DEVICE_FAMILY = "1,2";
			};
			name = Debug;
		};
		2CDE5CA5213D0E5200A89041 /* Release */ = {
			isa = XCBuildConfiguration;
			buildSettings = {
				ASSETCATALOG_COMPILER_APPICON_NAME = AppIcon;
				CODE_SIGN_STYLE = Automatic;
				INFOPLIST_FILE = dfsgsg/Info.plist;
				LD_RUNPATH_SEARCH_PATHS = "$(inherited) @executable_path/Frameworks";
				PRODUCT_BUNDLE_IDENTIFIER = me.noverish.dfsgsg;
				PRODUCT_NAME = "$(TARGET_NAME)";
				SWIFT_VERSION = 4.0;
				TARGETED_DEVICE_FAMILY = "1,2";
			};
			name = Release;
		};
/* End XCBuildConfiguration section */

/* Begin XCConfigurationList section */
		2CDE5C8C213D0E5200A89041 /* Build configuration list for PBXProject "dfsgsg" */ = {
			isa = XCConfigurationList;
			buildConfigurations = (
				2CDE5CA1213D0E5200A89041 /* Debug */,
				2CDE5CA2213D0E5200A89041 /* Release */,
			);
			defaultConfigurationIsVisible = 0;
			defaultConfigurationName = Release;
		};
		2CDE5CA3213D0E5200A89041 /* Build configuration list for PBXNativeTarget "dfsgsg" */ = {
			isa = XCConfigurationList;
			buildConfigurations = (
				2CDE5CA4213D0E5200A89041 /* Debug */,
				2CDE5CA5213D0E5200A89041 /* Release */,
			);
			defaultConfigurationIsVisible = 0;
			defaultConfigurationName = Release;
		};
/* End XCConfigurationList section */
	};
	rootObject = 2CDE5C89213D0E5200A89041 /* Project object */;
}
